
Microsoft Visual Studio Solution File, Format Version 12.00
# Visual Studio Version 17
VisualStudioVersion = 17.8.34330.188
MinimumVisualStudioVersion = 10.0.40219.1
Project("{9A19103F-16F7-4668-BE54-9A1E7A4F7556}") = "Api", "Api\Api.csproj", "{C308A62E-97D2-442B-9C0D-E137D5C92904}"
EndProject
Project("{9A19103F-16F7-4668-BE54-9A1E7A4F7556}") = "DataAccessLayer", "DataAccessLayer\DataAccessLayer.csproj", "{CFED6BD1-6D40-4D57-AF4B-997A54C70A72}"
EndProject
Global
	GlobalSection(SolutionConfigurationPlatforms) = preSolution
		Debug|Any CPU = Debug|Any CPU
		Release|Any CPU = Release|Any CPU
	EndGlobalSection
	GlobalSection(ProjectConfigurationPlatforms) = postSolution
		{C308A62E-97D2-442B-9C0D-E137D5C92904}.Debug|Any CPU.ActiveCfg = Debug|Any CPU
		{C308A62E-97D2-442B-9C0D-E137D5C92904}.Debug|Any CPU.Build.0 = Debug|Any CPU
		{C308A62E-97D2-442B-9C0D-E137D5C92904}.Release|Any CPU.ActiveCfg = Release|Any CPU
		{C308A62E-97D2-442B-9C0D-E137D5C92904}.Release|Any CPU.Build.0 = Release|Any CPU
		{CFED6BD1-6D40-4D57-AF4B-997A54C70A72}.Debug|Any CPU.ActiveCfg = Debug|Any CPU
		{CFED6BD1-6D40-4D57-AF4B-997A54C70A72}.Debug|Any CPU.Build.0 = Debug|Any CPU
		{CFED6BD1-6D40-4D57-AF4B-997A54C70A72}.Release|Any CPU.ActiveCfg = Release|Any CPU
		{CFED6BD1-6D40-4D57-AF4B-997A54C70A72}.Release|Any CPU.Build.0 = Release|Any CPU
	EndGlobalSection
	GlobalSection(SolutionProperties) = preSolution
		HideSolutionNode = FALSE
	EndGlobalSection
	GlobalSection(ExtensibilityGlobals) = postSolution
		SolutionGuid = {BC9CADCE-3753-42FF-B10D-980842DE9591}
	EndGlobalSection
EndGlobal
